
Microsoft Visual Studio Solution File, Format Version 12.00
# Visual Studio 14
VisualStudioVersion = 14.0.25123.0
MinimumVisualStudioVersion = 10.0.40219.1
Project("{FAE04EC0-301F-11D3-BF4B-00C04F79EFBC}") = "간단한 이름 바꾸기", "간단한 이름 바꾸기\간단한 이름 바꾸기.csproj", "{68F31983-A005-4C3F-A604-5EF928C94182}"
EndProject
Global
	GlobalSection(SolutionConfigurationPlatforms) = preSolution
		Debug|Any CPU = Debug|Any CPU
		Release|Any CPU = Release|Any CPU
	EndGlobalSection
	GlobalSection(ProjectConfigurationPlatforms) = postSolution
		{68F31983-A005-4C3F-A604-5EF928C94182}.Debug|Any CPU.ActiveCfg = Debug|Any CPU
		{68F31983-A005-4C3F-A604-5EF928C94182}.Debug|Any CPU.Build.0 = Debug|Any CPU
		{68F31983-A005-4C3F-A604-5EF928C94182}.Release|Any CPU.ActiveCfg = Release|Any CPU
		{68F31983-A005-4C3F-A604-5EF928C94182}.Release|Any CPU.Build.0 = Release|Any CPU
	EndGlobalSection
	GlobalSection(SolutionProperties) = preSolution
		HideSolutionNode = FALSE
	EndGlobalSection
EndGlobal
